
Microsoft Visual Studio Solution File, Format Version 12.00
# Visual Studio Version 16
VisualStudioVersion = 16.0.31515.178
MinimumVisualStudioVersion = 10.0.40219.1
Project("{FAE04EC0-301F-11D3-BF4B-00C04F79EFBC}") = "FitnessApp.Android", "FitnessApp\FitnessApp.Android\FitnessApp.Android.csproj", "{2860CAEF-EE93-4CC0-8447-0A5278AB1660}"
EndProject
Project("{FAE04EC0-301F-11D3-BF4B-00C04F79EFBC}") = "FitnessApp.iOS", "FitnessApp\FitnessApp.iOS\FitnessApp.iOS.csproj", "{62B9F92D-FB1D-4348-AFB5-3A3D1432E13B}"
EndProject
Project("{FAE04EC0-301F-11D3-BF4B-00C04F79EFBC}") = "FitnessApp", "FitnessApp\FitnessApp\FitnessApp.csproj", "{F8345307-6268-40BE-B555-1981C797303D}"
EndProject
Global
	GlobalSection(SolutionConfigurationPlatforms) = preSolution
		Debug|Any CPU = Debug|Any CPU
		Debug|iPhone = Debug|iPhone
		Debug|iPhoneSimulator = Debug|iPhoneSimulator
		Release|Any CPU = Release|Any CPU
		Release|iPhone = Release|iPhone
		Release|iPhoneSimulator = Release|iPhoneSimulator
	EndGlobalSection
	GlobalSection(ProjectConfigurationPlatforms) = postSolution
		{2860CAEF-EE93-4CC0-8447-0A5278AB1660}.Debug|Any CPU.ActiveCfg = Debug|Any CPU
		{2860CAEF-EE93-4CC0-8447-0A5278AB1660}.Debug|Any CPU.Build.0 = Debug|Any CPU
		{2860CAEF-EE93-4CC0-8447-0A5278AB1660}.Debug|Any CPU.Deploy.0 = Debug|Any CPU
		{2860CAEF-EE93-4CC0-8447-0A5278AB1660}.Debug|iPhone.ActiveCfg = Debug|Any CPU
		{2860CAEF-EE93-4CC0-8447-0A5278AB1660}.Debug|iPhone.Build.0 = Debug|Any CPU
		{2860CAEF-EE93-4CC0-8447-0A5278AB1660}.Debug|iPhone.Deploy.0 = Debug|Any CPU
		{2860CAEF-EE93-4CC0-8447-0A5278AB1660}.Debug|iPhoneSimulator.ActiveCfg = Debug|Any CPU
		{2860CAEF-EE93-4CC0-8447-0A5278AB1660}.Debug|iPhoneSimulator.Build.0 = Debug|Any CPU
		{2860CAEF-EE93-4CC0-8447-0A5278AB1660}.Debug|iPhoneSimulator.Deploy.0 = Debug|Any CPU
		{2860CAEF-EE93-4CC0-8447-0A5278AB1660}.Release|Any CPU.ActiveCfg = Release|Any CPU
		{2860CAEF-EE93-4CC0-8447-0A5278AB1660}.Release|Any CPU.Build.0 = Release|Any CPU
		{2860CAEF-EE93-4CC0-8447-0A5278AB1660}.Release|Any CPU.Deploy.0 = Release|Any CPU
		{2860CAEF-EE93-4CC0-8447-0A5278AB1660}.Release|iPhone.ActiveCfg = Release|Any CPU
		{2860CAEF-EE93-4CC0-8447-0A5278AB1660}.Release|iPhone.Build.0 = Release|Any CPU
		{2860CAEF-EE93-4CC0-8447-0A5278AB1660}.Release|iPhone.Deploy.0 = Release|Any CPU
		{2860CAEF-EE93-4CC0-8447-0A5278AB1660}.Release|iPhoneSimulator.ActiveCfg = Release|Any CPU
		{2860CAEF-EE93-4CC0-8447-0A5278AB1660}.Release|iPhoneSimulator.Build.0 = Release|Any CPU
		{2860CAEF-EE93-4CC0-8447-0A5278AB1660}.Release|iPhoneSimulator.Deploy.0 = Release|Any CPU
		{62B9F92D-FB1D-4348-AFB5-3A3D1432E13B}.Debug|Any CPU.ActiveCfg = Debug|iPhone
		{62B9F92D-FB1D-4348-AFB5-3A3D1432E13B}.Debug|Any CPU.Build.0 = Debug|iPhone
		{62B9F92D-FB1D-4348-AFB5-3A3D1432E13B}.Debug|Any CPU.Deploy.0 = Debug|iPhone
		{62B9F92D-FB1D-4348-AFB5-3A3D1432E13B}.Debug|iPhone.ActiveCfg = Debug|iPhone
		{62B9F92D-FB1D-4348-AFB5-3A3D1432E13B}.Debug|iPhone.Build.0 = Debug|iPhone
		{62B9F92D-FB1D-4348-AFB5-3A3D1432E13B}.Debug|iPhone.Deploy.0 = Debug|iPhone
		{62B9F92D-FB1D-4348-AFB5-3A3D1432E13B}.Debug|iPhoneSimulator.ActiveCfg = Debug|iPhoneSimulator
		{62B9F92D-FB1D-4348-AFB5-3A3D1432E13B}.Debug|iPhoneSimulator.Build.0 = Debug|iPhoneSimulator
		{62B9F92D-FB1D-4348-AFB5-3A3D1432E13B}.Debug|iPhoneSimulator.Deploy.0 = Debug|iPhoneSimulator
		{62B9F92D-FB1D-4348-AFB5-3A3D1432E13B}.Release|Any CPU.ActiveCfg = Release|iPhoneSimulator
		{62B9F92D-FB1D-4348-AFB5-3A3D1432E13B}.Release|Any CPU.Build.0 = Release|iPhoneSimulator
		{62B9F92D-FB1D-4348-AFB5-3A3D1432E13B}.Release|Any CPU.Deploy.0 = Release|iPhoneSimulator
		{62B9F92D-FB1D-4348-AFB5-3A3D1432E13B}.Release|iPhone.ActiveCfg = Release|iPhone
		{62B9F92D-FB1D-4348-AFB5-3A3D1432E13B}.Release|iPhone.Build.0 = Release|iPhone
		{62B9F92D-FB1D-4348-AFB5-3A3D1432E13B}.Release|iPhone.Deploy.0 = Release|iPhone
		{62B9F92D-FB1D-4348-AFB5-3A3D1432E13B}.Release|iPhoneSimulator.ActiveCfg = Release|iPhoneSimulator
		{62B9F92D-FB1D-4348-AFB5-3A3D1432E13B}.Release|iPhoneSimulator.Build.0 = Release|iPhoneSimulator
		{62B9F92D-FB1D-4348-AFB5-3A3D1432E13B}.Release|iPhoneSimulator.Deploy.0 = Release|iPhoneSimulator
		{F8345307-6268-40BE-B555-1981C797303D}.Debug|Any CPU.ActiveCfg = Debug|Any CPU
		{F8345307-6268-40BE-B555-1981C797303D}.Debug|Any CPU.Build.0 = Debug|Any CPU
		{F8345307-6268-40BE-B555-1981C797303D}.Debug|Any CPU.Deploy.0 = Debug|Any CPU
		{F8345307-6268-40BE-B555-1981C797303D}.Debug|iPhone.ActiveCfg = Debug|Any CPU
		{F8345307-6268-40BE-B555-1981C797303D}.Debug|iPhone.Build.0 = Debug|Any CPU
		{F8345307-6268-40BE-B555-1981C797303D}.Debug|iPhone.Deploy.0 = Debug|Any CPU
		{F8345307-6268-40BE-B555-1981C797303D}.Debug|iPhoneSimulator.ActiveCfg = Debug|Any CPU
		{F8345307-6268-40BE-B555-1981C797303D}.Debug|iPhoneSimulator.Build.0 = Debug|Any CPU
		{F8345307-6268-40BE-B555-1981C797303D}.Debug|iPhoneSimulator.Deploy.0 = Debug|Any CPU
		{F8345307-6268-40BE-B555-1981C797303D}.Release|Any CPU.ActiveCfg = Release|Any CPU
		{F8345307-6268-40BE-B555-1981C797303D}.Release|Any CPU.Build.0 = Release|Any CPU
		{F8345307-6268-40BE-B555-1981C797303D}.Release|Any CPU.Deploy.0 = Release|Any CPU
		{F8345307-6268-40BE-B555-1981C797303D}.Release|iPhone.ActiveCfg = Release|Any CPU
		{F8345307-6268-40BE-B555-1981C797303D}.Release|iPhone.Build.0 = Release|Any CPU
		{F8345307-6268-40BE-B555-1981C797303D}.Release|iPhone.Deploy.0 = Release|Any CPU
		{F8345307-6268-40BE-B555-1981C797303D}.Release|iPhoneSimulator.ActiveCfg = Release|Any CPU
		{F8345307-6268-40BE-B555-1981C797303D}.Release|iPhoneSimulator.Build.0 = Release|Any CPU
		{F8345307-6268-40BE-B555-1981C797303D}.Release|iPhoneSimulator.Deploy.0 = Release|Any CPU
	EndGlobalSection
	GlobalSection(SolutionProperties) = preSolution
		HideSolutionNode = FALSE
	EndGlobalSection
	GlobalSection(ExtensibilityGlobals) = postSolution
		SolutionGuid = {EE47B1BC-1E45-4CFD-989F-7BB8A0AC53ED}
	EndGlobalSection
EndGlobal
